{
  "object": {
    "pins": [
      {
        "package": "Get",
        "repositoryURL": "https://github.com/kean/Get",
        "state": {
          "branch": null,
          "revision": "d2ded8526d647a8ca25905025cd5503dfe51e874",
          "version": "2.0.0"
        }
      },
      {
        "package": "KeychainAccess",
        "repositoryURL": "https://github.com/kishikawakatsumi/KeychainAccess",
        "state": {
          "branch": null,
          "revision": "84e546727d66f1adc5439debad16270d0fdd04e7",
          "version": "4.2.2"
        }
      },
      {
        "package": "Mocker",
        "repositoryURL": "https://github.com/WeTransfer/Mocker",
        "state": {
          "branch": null,
          "revision": "e7165fb0378193c6784f1d46a9ab2b6184c384fa",
          "version": "2.7.0"
        }
      },
      {
        "package": "ComposableKeychain",
        "repositoryURL": "https://github.com/binaryscraping/swift-composable-keychain",
        "state": {
          "branch": null,
          "revision": "3ebddfe9e9232218bada99ab6d6b3ca1fd94f112",
          "version": "0.0.2"
        }
      },
      {
        "package": "URLQueryEncoderKit",
        "repositoryURL": "https://github.com/wweevv-johndpope/URLQueryEncoderKit",
        "state": {
          "branch": null,
          "revision": "26b2513aea3b1b52ab0d203e55efefc847852177",
          "version": "0.2.2"
        }
      },
      {
        "package": "xctest-dynamic-overlay",
        "repositoryURL": "https://github.com/pointfreeco/xctest-dynamic-overlay",
        "state": {
          "branch": null,
          "revision": "38bc9242e4388b80bd23ddfdf3071428859e3260",
          "version": "0.4.0"
        }
      }
    ]
  },
  "version": 1
}
